
Microsoft Visual Studio Solution File, Format Version 11.00
# Visual Web Developer Express 2010
Project("{E24C65DC-7377-472B-9ABA-BC803B73C61A}") = "Chronos", "Chronos\", "{110B4BAA-C218-45D9-AAC4-C1D60255DEEF}"
	ProjectSection(WebsiteProperties) = preProject
		TargetFrameworkMoniker = ".NETFramework,Version%3Dv2.0"
		Debug.AspNetCompiler.VirtualPath = "/Chronos"
		Debug.AspNetCompiler.PhysicalPath = "Chronos\"
		Debug.AspNetCompiler.TargetPath = "PrecompiledWeb\Chronos\"
		Debug.AspNetCompiler.Updateable = "true"
		Debug.AspNetCompiler.ForceOverwrite = "true"
		Debug.AspNetCompiler.FixedNames = "false"
		Debug.AspNetCompiler.Debug = "True"
		Release.AspNetCompiler.VirtualPath = "/Chronos"
		Release.AspNetCompiler.PhysicalPath = "Chronos\"
		Release.AspNetCompiler.TargetPath = "PrecompiledWeb\Chronos\"
		Release.AspNetCompiler.Updateable = "true"
		Release.AspNetCompiler.ForceOverwrite = "true"
		Release.AspNetCompiler.FixedNames = "false"
		Release.AspNetCompiler.Debug = "False"
		VWDPort = "59686"
	EndProjectSection
EndProject
Global
	GlobalSection(SolutionConfigurationPlatforms) = preSolution
		Debug|Any CPU = Debug|Any CPU
	EndGlobalSection
	GlobalSection(ProjectConfigurationPlatforms) = postSolution
		{110B4BAA-C218-45D9-AAC4-C1D60255DEEF}.Debug|Any CPU.ActiveCfg = Debug|Any CPU
		{110B4BAA-C218-45D9-AAC4-C1D60255DEEF}.Debug|Any CPU.Build.0 = Debug|Any CPU
	EndGlobalSection
	GlobalSection(SolutionProperties) = preSolution
		HideSolutionNode = FALSE
	EndGlobalSection
EndGlobal
